
Microsoft Visual Studio Solution File, Format Version 12.00
# Visual Studio Version 16
VisualStudioVersion = 16.0.31129.286
MinimumVisualStudioVersion = 10.0.40219.1
Project("{FAE04EC0-301F-11D3-BF4B-00C04F79EFBC}") = "StarPattern", "StarPattern\StarPattern.csproj", "{59DBE81A-FCD8-45DD-9972-AAA867B6651D}"
EndProject
Global
	GlobalSection(SolutionConfigurationPlatforms) = preSolution
		Debug|Any CPU = Debug|Any CPU
		Release|Any CPU = Release|Any CPU
	EndGlobalSection
	GlobalSection(ProjectConfigurationPlatforms) = postSolution
		{59DBE81A-FCD8-45DD-9972-AAA867B6651D}.Debug|Any CPU.ActiveCfg = Debug|Any CPU
		{59DBE81A-FCD8-45DD-9972-AAA867B6651D}.Debug|Any CPU.Build.0 = Debug|Any CPU
		{59DBE81A-FCD8-45DD-9972-AAA867B6651D}.Release|Any CPU.ActiveCfg = Release|Any CPU
		{59DBE81A-FCD8-45DD-9972-AAA867B6651D}.Release|Any CPU.Build.0 = Release|Any CPU
	EndGlobalSection
	GlobalSection(SolutionProperties) = preSolution
		HideSolutionNode = FALSE
	EndGlobalSection
	GlobalSection(ExtensibilityGlobals) = postSolution
		SolutionGuid = {CB8DFBC4-8B1A-43EB-9112-1F60DDD0BC9F}
	EndGlobalSection
EndGlobal
